
Microsoft Visual Studio Solution File, Format Version 12.00
# Visual Studio Version 16
VisualStudioVersion = 16.0.34301.259
MinimumVisualStudioVersion = 10.0.40219.1
Project("{FAE04EC0-301F-11D3-BF4B-00C04F79EFBC}") = "Multiple-Choice", "Multiple-Choice\Multiple-Choice.csproj", "{03647969-4514-47CC-AA58-CC476E9D73ED}"
EndProject
Global
	GlobalSection(SolutionConfigurationPlatforms) = preSolution
		Debug|Any CPU = Debug|Any CPU
		Release|Any CPU = Release|Any CPU
	EndGlobalSection
	GlobalSection(ProjectConfigurationPlatforms) = postSolution
		{03647969-4514-47CC-AA58-CC476E9D73ED}.Debug|Any CPU.ActiveCfg = Debug|Any CPU
		{03647969-4514-47CC-AA58-CC476E9D73ED}.Debug|Any CPU.Build.0 = Debug|Any CPU
		{03647969-4514-47CC-AA58-CC476E9D73ED}.Release|Any CPU.ActiveCfg = Release|Any CPU
		{03647969-4514-47CC-AA58-CC476E9D73ED}.Release|Any CPU.Build.0 = Release|Any CPU
	EndGlobalSection
	GlobalSection(SolutionProperties) = preSolution
		HideSolutionNode = FALSE
	EndGlobalSection
	GlobalSection(ExtensibilityGlobals) = postSolution
		SolutionGuid = {B7146916-7D3D-4D5C-A399-8D768283C690}
	EndGlobalSection
EndGlobal
